{
  "name": "homebridge-zipabox-platform-dev",
  "version": "1.8.44",
  "lockfileVersion": 2,
  "requires": true,
  "packages": {
    "": {
      "name": "homebridge-zipabox-platform-dev",
      "version": "1.8.44",
      "license": "MIT",
      "dependencies": {
        "fetch-cookie": "^1.0.0",
        "node-fetch": "^2.6.0"
      },
      "engines": {
        "homebridge": ">=0.2.0",
        "node": ">=0.12.0"
      }
    },
    "../../../../usr/local/lib/node_modules/homebridge-zipabox-platform-dev": {
      "version": "1.9.48",
      "extraneous": true,
      "license": "MIT",
      "dependencies": {
        "fetch-cookie": ">=0.7.3",
        "node-fetch": ">=2.6.0"
      },
      "engines": {
        "homebridge": ">=0.2.0",
        "node": ">=0.12.0"
      }
    },
    "node_modules/fetch-cookie": {
      "version": "1.0.0",
      "resolved": "https://registry.npmjs.org/fetch-cookie/-/fetch-cookie-1.0.0.tgz",
      "integrity": "sha512-SWcAhkDe4yVBFtwRqJNmot6k1XjjzI7tw3aRHepxXrK6FQp6obBhqcnsdm2aNUzrtE71607crNAYodtKMq3TjA==",
      "dependencies": {
        "tough-cookie": "^2.3.3 || ^3.0.1 || ^4.0.0"
      },
      "engines": {
        "node": ">=8"
      }
    },
    "node_modules/node-fetch": {
      "version": "2.6.0",
      "resolved": "https://registry.npmjs.org/node-fetch/-/node-fetch-2.6.0.tgz",
      "integrity": "sha512-8dG4H5ujfvFiqDmVu9fQ5bOHUC15JMjMY/Zumv26oOvvVJjM67KF8koCWIabKQ1GJIa9r2mMZscBq/TbdOcmNA==",
      "engines": {
        "node": "4.x || >=6.0.0"
      }
    },
    "node_modules/psl": {
      "version": "1.8.0",
      "license": "MIT"
    },
    "node_modules/punycode": {
      "version": "2.1.1",
      "license": "MIT",
      "engines": {
        "node": ">=6"
      }
    },
    "node_modules/tough-cookie": {
      "version": "4.0.0",
      "license": "BSD-3-Clause",
      "dependencies": {
        "psl": "^1.1.33",
        "punycode": "^2.1.1",
        "universalify": "^0.1.2"
      },
      "engines": {
        "node": ">=6"
      }
    },
    "node_modules/universalify": {
      "version": "0.1.2",
      "license": "MIT",
      "engines": {
        "node": ">= 4.0.0"
      }
    }
  },
  "dependencies": {
    "fetch-cookie": {
      "version": "1.0.0",
      "resolved": "https://registry.npmjs.org/fetch-cookie/-/fetch-cookie-1.0.0.tgz",
      "integrity": "sha512-SWcAhkDe4yVBFtwRqJNmot6k1XjjzI7tw3aRHepxXrK6FQp6obBhqcnsdm2aNUzrtE71607crNAYodtKMq3TjA==",
      "requires": {
        "tough-cookie": "^2.3.3 || ^3.0.1 || ^4.0.0"
      }
    },
    "node-fetch": {
      "version": "2.6.0",
      "resolved": "https://registry.npmjs.org/node-fetch/-/node-fetch-2.6.0.tgz",
      "integrity": "sha512-8dG4H5ujfvFiqDmVu9fQ5bOHUC15JMjMY/Zumv26oOvvVJjM67KF8koCWIabKQ1GJIa9r2mMZscBq/TbdOcmNA=="
    },
    "psl": {
      "version": "1.8.0"
    },
    "punycode": {
      "version": "2.1.1"
    },
    "tough-cookie": {
      "version": "4.0.0",
      "requires": {
        "psl": "^1.1.33",
        "punycode": "^2.1.1",
        "universalify": "^0.1.2"
      }
    },
    "universalify": {
      "version": "0.1.2"
    }
  }
}
